
Microsoft Visual Studio Solution File, Format Version 12.00
# Visual Studio Version 16
VisualStudioVersion = 16.0.31624.102
MinimumVisualStudioVersion = 10.0.40219.1
Project("{FAE04EC0-301F-11D3-BF4B-00C04F79EFBC}") = "StokTakipSistemiAPP", "StokTakipSistemiAPP\StokTakipSistemiAPP.csproj", "{31496412-7203-42EE-A3F7-01D7AC7BE0C1}"
EndProject
Global
	GlobalSection(SolutionConfigurationPlatforms) = preSolution
		Debug|Any CPU = Debug|Any CPU
		Release|Any CPU = Release|Any CPU
	EndGlobalSection
	GlobalSection(ProjectConfigurationPlatforms) = postSolution
		{31496412-7203-42EE-A3F7-01D7AC7BE0C1}.Debug|Any CPU.ActiveCfg = Debug|Any CPU
		{31496412-7203-42EE-A3F7-01D7AC7BE0C1}.Debug|Any CPU.Build.0 = Debug|Any CPU
		{31496412-7203-42EE-A3F7-01D7AC7BE0C1}.Release|Any CPU.ActiveCfg = Release|Any CPU
		{31496412-7203-42EE-A3F7-01D7AC7BE0C1}.Release|Any CPU.Build.0 = Release|Any CPU
	EndGlobalSection
	GlobalSection(SolutionProperties) = preSolution
		HideSolutionNode = FALSE
	EndGlobalSection
	GlobalSection(ExtensibilityGlobals) = postSolution
		SolutionGuid = {736508DC-25BE-4CAE-869E-B83B9536BCCC}
	EndGlobalSection
EndGlobal
